version = 1
revision = 3
requires-python = "==3.10.*"

[[package]]
name = "colorama"
version = "0.4.6"
source = { registry = "https://pypi.org/simple" }
sdist = { url = "https://files.pythonhosted.org/packages/d8/53/6f443c9a4a8358a93a6792e2acffb9d9d5cb0a5cfd8802644b7b1c9a02e4/colorama-0.4.6.tar.gz", hash = "sha256:08695f5cb7ed6e0531a20572697297273c47b8cae5a63ffc6d6ed5c201be6e44", size = 27697, upload-time = "2022-10-25T02:36:22.414Z" }
wheels = [
    { url = "https://files.pythonhosted.org/packages/d1/d6/3965ed04c63042e047cb6a3e6ed1a63a35087b6a609aa3a15ed8ac56c221/colorama-0.4.6-py2.py3-none-any.whl", hash = "sha256:4f1d9991f5acc0ca119f9d443620b77f9d6b33703e51011c16baf57afb285fc6", size = 25335, upload-time = "2022-10-25T02:36:20.889Z" },
]

[[package]]
name = "cycler"
version = "0.12.1"
source = { registry = "https://pypi.org/simple" }
sdist = { url = "https://files.pythonhosted.org/packages/a9/95/a3dbbb5028f35eafb79008e7522a75244477d2838f38cbb722248dabc2a8/cycler-0.12.1.tar.gz", hash = "sha256:88bb128f02ba341da8ef447245a9e138fae777f6a23943da4540077d3601eb1c", size = 7615, upload-time = "2023-10-07T05:32:18.335Z" }
wheels = [
    { url = "https://files.pythonhosted.org/packages/e7/05/c19819d5e3d95294a6f5947fb9b9629efb316b96de511b418c53d245aae6/cycler-0.12.1-py3-none-any.whl", hash = "sha256:85cef7cff222d8644161529808465972e51340599459b8ac3ccbac5a854e0d30", size = 8321, upload-time = "2023-10-07T05:32:16.783Z" },
]

[[package]]
name = "exceptiongroup"
version = "1.3.1"
source = { registry = "https://pypi.org/simple" }
dependencies = [
    { name = "typing-extensions" },
]
sdist = { url = "https://files.pythonhosted.org/packages/50/79/66800aadf48771f6b62f7eb014e352e5d06856655206165d775e675a02c9/exceptiongroup-1.3.1.tar.gz", hash = "sha256:8b412432c6055b0b7d14c310000ae93352ed6754f70fa8f7c34141f91c4e3219", size = 30371, upload-time = "2025-11-21T23:01:54.787Z" }
wheels = [
    { url = "https://files.pythonhosted.org/packages/8a/0e/97c33bf5009bdbac74fd2beace167cab3f978feb69cc36f1ef79360d6c4e/exceptiongroup-1.3.1-py3-none-any.whl", hash = "sha256:a7a39a3bd276781e98394987d3a5701d0c4edffb633bb7a5144577f82c773598", size = 16740, upload-time = "2025-11-21T23:01:53.443Z" },
]

[[package]]
name = "fonttools"
version = "4.63.0"
source = { registry = "https://pypi.org/simple" }
sdist = { url = "https://files.pythonhosted.org/packages/84/69/c97f2c18e0db87d2c7b15da1974dace76ae938f1cfa22e2727a648b7ed43/fonttools-4.63.0.tar.gz", hash = "sha256:caeb583deeb5168e694b65cda8b4ee62abedfa66cf88488734466f2366b9c4e0", size = 3597189, upload-time = "2026-05-14T12:04:30.958Z" }
wheels = [
    { url = "https://files.pythonhosted.org/packages/f2/c9/4141c90a90db20f807c7e10bfd689fe53eb8f7f4caff58ee4d4dfe46919f/fonttools-4.63.0-cp310-cp310-macosx_10_9_universal2.whl", hash = "sha256:e3297a6a4059b4acc3a1e9a8b04741f240a80044eef08ebd32e8b5bcdddce75b", size = 2884632, upload-time = "2026-05-14T12:02:38.56Z" },
    { url = "https://files.pythonhosted.org/packages/b8/46/ad12b5c10eae602d7ef814b02afa08aacbf89da917fed5b071282b7eadc2/fonttools-4.63.0-cp310-cp310-macosx_10_9_x86_64.whl", hash = "sha256:b1cd75a03ad8cb5bc40c90bfde68c0c47de423aa19e5c0f362b43520645eea94", size = 2429441, upload-time = "2026-05-14T12:02:41.162Z" },
    { url = "https://files.pythonhosted.org/packages/90/8f/bdca24a84c81d56fffed052229cdcff368f6e05882e526f4558891481f65/fonttools-4.63.0-cp310-cp310-manylinux2014_aarch64.manylinux_2_17_aarch64.manylinux_2_28_aarch64.whl", hash = "sha256:c0425b277a59cff3d80ca42162a8de360f318438a2ac83570842a678d826d579", size = 4946346, upload-time = "2026-05-14T12:02:43.41Z" },
    { url = "https://files.pythonhosted.org/packages/04/59/a639c0e136441ee91a65b56fdf89e5d075927e7a09c559d1b0f5276577db/fonttools-4.63.0-cp310-cp310-manylinux2014_x86_64.manylinux_2_17_x86_64.whl", hash = "sha256:d7e5c9973aa04c95650c96e5f5ad865fbf42d62079163ecfab1e01cbc2504c22", size = 4903184, upload-time = "2026-05-14T12:02:45.742Z" },
    { url = "https://files.pythonhosted.org/packages/e6/53/91b7e0cb45b536f3da1b29ba8cbab89f27e8b986809e0b1982303a3f4eca/fonttools-4.63.0-cp310-cp310-musllinux_1_2_aarch64.whl", hash = "sha256:cb014d58140a38135f16064c74c652ed57aa0b75cbf8bb59cac821f7edb5334e", size = 4922967, upload-time = "2026-05-14T12:02:48.386Z" },
    { url = "https://files.pythonhosted.org/packages/c7/b7/87439bf44e6b97c5538cd29d0b7e366a5b8ce2cc132a4134fb67fa3f2fa2/fonttools-4.63.0-cp310-cp310-musllinux_1_2_x86_64.whl", hash = "sha256:032038247a96c1690f9f31e377c389383c902531b085aa4e4dabd6f57f870e69", size = 5042799, upload-time = "2026-05-14T12:02:50.424Z" },
    { url = "https://files.pythonhosted.org/packages/ad/7c/8b96c3263b89ef99cded544c0f0636686f85dbd3c211c4dceef0231fca23/fonttools-4.63.0-cp310-cp310-win32.whl", hash = "sha256:a8b33a82979e0a6a34ff435cc81317be1f95ec1ebb7a3a2d1c8a6a54f02ae44e", size = 1519704, upload-time = "2026-05-14T12:02:52.523Z" },
    { url = "https://files.pythonhosted.org/packages/e5/4d/2c2f0069970b6907de8fb5b05c5c0193cc22f717df151d1c7aef1c738f58/fonttools-4.63.0-cp310-cp310-win_amd64.whl", hash = "sha256:0c18358a155d75034911c5ee397a5b44cd19dd325dbb8b35fb60bf421d6a72ac", size = 1568666, upload-time = "2026-05-14T12:02:54.917Z" },
    { url = "https://files.pythonhosted.org/packages/2c/47/c99d5268f354002ce80f8d029cd9d7d872969da1de8b93d32de4dc56d6f4/fonttools-4.63.0-py3-none-any.whl", hash = "sha256:445af2eab030a16b9171ea8bdda7ebf7d96bda2df88ee182a464252f6e05e20d", size = 1164562, upload-time = "2026-05-14T12:04:29.092Z" },
]

[[package]]
name = "iniconfig"
version = "2.3.0"
source = { registry = "https://pypi.org/simple" }
sdist = { url = "https://files.pythonhosted.org/packages/72/34/14ca021ce8e5dfedc35312d08ba8bf51fdd999c576889fc2c24cb97f4f10/iniconfig-2.3.0.tar.gz", hash = "sha256:c76315c77db068650d49c5b56314774a7804df16fee4402c1f19d6d15d8c4730", size = 20503, upload-time = "2025-10-18T21:55:43.219Z" }
wheels = [
    { url = "https://files.pythonhosted.org/packages/cb/b1/3846dd7f199d53cb17f49cba7e651e9ce294d8497c8c150530ed11865bb8/iniconfig-2.3.0-py3-none-any.whl", hash = "sha256:f631c04d2c48c52b84d0d0549c99ff3859c98df65b3101406327ecc7d53fbf12", size = 7484, upload-time = "2025-10-18T21:55:41.639Z" },
]

[[package]]
name = "joblib"
version = "1.5.3"
source = { registry = "https://pypi.org/simple" }
sdist = { url = "https://files.pythonhosted.org/packages/41/f2/d34e8b3a08a9cc79a50b2208a93dce981fe615b64d5a4d4abee421d898df/joblib-1.5.3.tar.gz", hash = "sha256:8561a3269e6801106863fd0d6d84bb737be9e7631e33aaed3fb9ce5953688da3", size = 331603, upload-time = "2025-12-15T08:41:46.427Z" }
wheels = [
    { url = "https://files.pythonhosted.org/packages/7b/91/984aca2ec129e2757d1e4e3c81c3fcda9d0f85b74670a094cc443d9ee949/joblib-1.5.3-py3-none-any.whl", hash = "sha256:5fc3c5039fc5ca8c0276333a188bbd59d6b7ab37fe6632daa76bc7f9ec18e713", size = 309071, upload-time = "2025-12-15T08:41:44.973Z" },
]

[[package]]
name = "kiwisolver"
version = "1.5.0"
source = { registry = "https://pypi.org/simple" }
sdist = { url = "https://files.pythonhosted.org/packages/d0/67/9c61eccb13f0bdca9307614e782fec49ffdde0f7a2314935d489fa93cd9c/kiwisolver-1.5.0.tar.gz", hash = "sha256:d4193f3d9dc3f6f79aaed0e5637f45d98850ebf01f7ca20e69457f3e8946b66a", size = 103482, upload-time = "2026-03-09T13:15:53.382Z" }
wheels = [
    { url = "https://files.pythonhosted.org/packages/ac/f8/06549565caa026e540b7e7bab5c5a90eb7ca986015f4c48dace243cd24d9/kiwisolver-1.5.0-cp310-cp310-macosx_10_9_universal2.whl", hash = "sha256:32cc0a5365239a6ea0c6ed461e8838d053b57e397443c0ca894dcc8e388d4374", size = 122802, upload-time = "2026-03-09T13:12:37.515Z" },
    { url = "https://files.pythonhosted.org/packages/84/eb/8476a0818850c563ff343ea7c9c05dcdcbd689a38e01aa31657df01f91fa/kiwisolver-1.5.0-cp310-cp310-macosx_10_9_x86_64.whl", hash = "sha256:cc0b66c1eec9021353a4b4483afb12dfd50e3669ffbb9152d6842eb34c7e29fd", size = 66216, upload-time = "2026-03-09T13:12:38.812Z" },
    { url = "https://files.pythonhosted.org/packages/f3/c4/f9c8a6b4c21aed4198566e45923512986d6cef530e7263b3a5f823546561/kiwisolver-1.5.0-cp310-cp310-macosx_11_0_arm64.whl", hash = "sha256:86e0287879f75621ae85197b0877ed2f8b7aa57b511c7331dce2eb6f4de7d476", size = 63917, upload-time = "2026-03-09T13:12:40.053Z" },
    { url = "https://files.pythonhosted.org/packages/f1/0e/ba4ae25d03722f64de8b2c13e80d82ab537a06b30fc7065183c6439357e3/kiwisolver-1.5.0-cp310-cp310-manylinux_2_12_x86_64.manylinux2010_x86_64.whl", hash = "sha256:62f59da443c4f4849f73a51a193b1d9d258dcad0c41bc4d1b8fb2bcc04bfeb22", size = 1628776, upload-time = "2026-03-09T13:12:41.976Z" },
    { url = "https://files.pythonhosted.org/packages/8a/e4/3f43a011bc8a0860d1c96f84d32fa87439d3feedf66e672fef03bf5e8bac/kiwisolver-1.5.0-cp310-cp310-manylinux_2_24_aarch64.manylinux_2_28_aarch64.whl", hash = "sha256:9190426b7aa26c5229501fa297b8d0653cfd3f5a36f7990c264e157cbf886b3b", size = 1228164, upload-time = "2026-03-09T13:12:44.002Z" },
    { url = "https://files.pythonhosted.org/packages/4b/34/3a901559a1e0c218404f9a61a93be82d45cb8f44453ba43088644980f033/kiwisolver-1.5.0-cp310-cp310-manylinux_2_24_ppc64le.manylinux_2_28_ppc64le.whl", hash = "sha256:c8277104ded0a51e699c8c3aff63ce2c56d4ed5519a5f73e0fd7057f959a2b9e", size = 1246656, upload-time = "2026-03-09T13:12:45.557Z" },
    { url = "https://files.pythonhosted.org/packages/87/9e/f78c466ea20527822b95ad38f141f2de1dcd7f23fb8716b002b0d91bbe59/kiwisolver-1.5.0-cp310-cp310-manylinux_2_24_s390x.manylinux_2_28_s390x.whl", hash = "sha256:8f9baf6f0a6e7571c45c8863010b45e837c3ee1c2c77fcd6ef423be91b21fedb", size = 1295562, upload-time = "2026-03-09T13:12:47.562Z" },
    { url = "https://files.pythonhosted.org/packages/0a/66/fd0e4a612e3a286c24e6d6f3a5428d11258ed1909bc530ba3b59807fd980/kiwisolver-1.5.0-cp310-cp310-musllinux_1_2_aarch64.whl", hash = "sha256:cff8e5383db4989311f99e814feeb90c4723eb4edca425b9d5d9c3fefcdd9537", size = 2178473, upload-time = "2026-03-09T13:12:50.254Z" },
    { url = "https://files.pythonhosted.org/packages/dc/8e/6cac929e0049539e5ee25c1ee937556f379ba5204840d03008363ced662d/kiwisolver-1.5.0-cp310-cp310-musllinux_1_2_ppc64le.whl", hash = "sha256:ebae99ed6764f2b5771c522477b311be313e8841d2e0376db2b10922daebbba4", size = 2274035, upload-time = "2026-03-09T13:12:51.785Z" },
    { url = "https://files.pythonhosted.org/packages/ca/d3/9d0c18f1b52ea8074b792452cf17f1f5a56bd0302a85191f405cfbf9da16/kiwisolver-1.5.0-cp310-cp310-musllinux_1_2_s390x.whl", hash = "sha256:d5cd5189fc2b6a538b75ae45433140c4823463918f7b1617c31e68b085c0022c", size = 2443217, upload-time = "2026-03-09T13:12:53.329Z" },
    { url = "https://files.pythonhosted.org/packages/45/2a/6e19368803a038b2a90857bf4ee9e3c7b667216d045866bf22d3439fd75e/kiwisolver-1.5.0-cp310-cp310-musllinux_1_2_x86_64.whl", hash = "sha256:f42c23db5d1521218a3276bb08666dcb662896a0be7347cba864eca45ff64ede", size = 2249196, upload-time = "2026-03-09T13:12:55.057Z" },
    { url = "https://files.pythonhosted.org/packages/75/2b/3f641dfcbe72e222175d626bacf2f72c3b34312afec949dd1c50afa400f5/kiwisolver-1.5.0-cp310-cp310-win_amd64.whl", hash = "sha256:94eff26096eb5395136634622515b234ecb6c9979824c1f5004c6e3c3c85ccd2", size = 73389, upload-time = "2026-03-09T13:12:56.496Z" },
    { url = "https://files.pythonhosted.org/packages/da/88/299b137b9e0025d8982e03d2d52c123b0a2b159e84b0ef1501ef446339cf/kiwisolver-1.5.0-cp310-cp310-win_arm64.whl", hash = "sha256:dd952e03bfbb096cfe2dd35cd9e00f269969b67536cb4370994afc20ff2d0875", size = 64782, upload-time = "2026-03-09T13:12:57.609Z" },
    { url = "https://files.pythonhosted.org/packages/17/6f/6fd4f690a40c2582fa34b97d2678f718acf3706b91d270c65ecb455d0a06/kiwisolver-1.5.0-pp310-pypy310_pp73-macosx_10_15_x86_64.whl", hash = "sha256:295d9ffe712caa9f8a3081de8d32fc60191b4b51c76f02f951fd8407253528f4", size = 59606, upload-time = "2026-03-09T13:15:40.81Z" },
    { url = "https://files.pythonhosted.org/packages/82/a0/2355d5e3b338f13ce63f361abb181e3b6ea5fffdb73f739b3e80efa76159/kiwisolver-1.5.0-pp310-pypy310_pp73-macosx_11_0_arm64.whl", hash = "sha256:51e8c4084897de9f05898c2c2a39af6318044ae969d46ff7a34ed3f96274adca", size = 57537, upload-time = "2026-03-09T13:15:42.071Z" },
    { url = "https://files.pythonhosted.org/packages/c8/b9/1d50e610ecadebe205b71d6728fd224ce0e0ca6aba7b9cbe1da049203ac5/kiwisolver-1.5.0-pp310-pypy310_pp73-manylinux2014_x86_64.manylinux_2_17_x86_64.whl", hash = "sha256:b83af57bdddef03c01a9138034c6ff03181a3028d9a1003b301eb1a55e161a3f", size = 79888, upload-time = "2026-03-09T13:15:43.317Z" },
    { url = "https://files.pythonhosted.org/packages/cd/ee/b85ffcd75afed0357d74f0e6fc02a4507da441165de1ca4760b9f496390d/kiwisolver-1.5.0-pp310-pypy310_pp73-manylinux_2_24_aarch64.manylinux_2_28_aarch64.whl", hash = "sha256:bf4679a3d71012a7c2bf360e5cd878fbd5e4fcac0896b56393dec239d81529ed", size = 77584, upload-time = "2026-03-09T13:15:44.605Z" },
    { url = "https://files.pythonhosted.org/packages/6b/dd/644d0dde6010a8583b4cd66dd41c5f83f5325464d15c4f490b3340ab73b4/kiwisolver-1.5.0-pp310-pypy310_pp73-win_amd64.whl", hash = "sha256:41024ed50e44ab1a60d3fe0a9d15a4ccc9f5f2b1d814ff283c8d01134d5b81bc", size = 73390, upload-time = "2026-03-09T13:15:45.832Z" },
]

[[package]]
name = "lstm-activations-analysis"
version = "0.1.0"
source = { virtual = "." }
dependencies = [
    { name = "matplotlib" },
    { name = "nibabel" },
    { name = "numpy" },
    { name = "pandas" },
    { name = "python-dotenv" },
    { name = "scikit-learn" },
    { name = "scipy" },
    { name = "torch" },
]

[package.dev-dependencies]
dev = [
    { name = "pytest" },
]

[package.metadata]
requires-dist = [
    { name = "matplotlib", specifier = "~=3.5.2" },
    { name = "nibabel", specifier = "~=4.0.2" },
    { name = "numpy", specifier = "~=1.23.1" },
    { name = "pandas", specifier = "~=1.4.3" },
    { name = "python-dotenv", specifier = "~=0.21" },
    { name = "scikit-learn", specifier = "~=1.1.1" },
    { name = "scipy" },
    { name = "torch", specifier = "~=1.12.0" },
]

[package.metadata.requires-dev]
dev = [{ name = "pytest", specifier = ">=8" }]

[[package]]
name = "matplotlib"
version = "3.5.3"
source = { registry = "https://pypi.org/simple" }
dependencies = [
    { name = "cycler" },
    { name = "fonttools" },
    { name = "kiwisolver" },
    { name = "numpy" },
    { name = "packaging" },
    { name = "pillow" },
    { name = "pyparsing" },
    { name = "python-dateutil" },
]
sdist = { url = "https://files.pythonhosted.org/packages/02/81/e8276ec6ca005b3b2bfaaad0ea47dbb3a0e389ec8ab87d08e3ccbe4b2742/matplotlib-3.5.3.tar.gz", hash = "sha256:339cac48b80ddbc8bfd05daae0a3a73414651a8596904c2a881cfd1edb65f26c", size = 35236343, upload-time = "2022-08-11T05:26:20.581Z" }
wheels = [
    { url = "https://files.pythonhosted.org/packages/60/f6/81c99d3413c18b4810256ac5bca0401c0804e69ea98b448e2c644b745bbb/matplotlib-3.5.3-cp310-cp310-macosx_10_9_universal2.whl", hash = "sha256:a206a1b762b39398efea838f528b3a6d60cdb26fe9d58b48265787e29cd1d693", size = 8084049, upload-time = "2022-08-11T06:59:22.238Z" },
    { url = "https://files.pythonhosted.org/packages/2d/4a/3262e792d1db92939f820c8fae5ac298b201769e12bb11c89de33ac7bae2/matplotlib-3.5.3-cp310-cp310-macosx_10_9_x86_64.whl", hash = "sha256:cd45a6f3e93a780185f70f05cf2a383daed13c3489233faad83e81720f7ede24", size = 7267192, upload-time = "2022-08-11T06:59:25.766Z" },
    { url = "https://files.pythonhosted.org/packages/61/1a/584f2e77e2f88239d66314dab14839a199424319df242c783b84ae23ae41/matplotlib-3.5.3-cp310-cp310-macosx_11_0_arm64.whl", hash = "sha256:d62880e1f60e5a30a2a8484432bcb3a5056969dc97258d7326ad465feb7ae069", size = 7164043, upload-time = "2022-08-11T06:59:28.072Z" },
    { url = "https://files.pythonhosted.org/packages/7b/10/70a26ba757ebab35cc8016502ec14c4e51b939a1c62aff5c9b9731417ad1/matplotlib-3.5.3-cp310-cp310-manylinux_2_17_aarch64.manylinux2014_aarch64.whl", hash = "sha256:9ab29589cef03bc88acfa3a1490359000c18186fc30374d8aa77d33cc4a51a4a", size = 11655924, upload-time = "2022-08-11T06:59:31.71Z" },
    { url = "https://files.pythonhosted.org/packages/c9/99/81f70f1c7a5f61997faacd7756faac6f41d1bda514cb0e29bd4b0d817ff1/matplotlib-3.5.3-cp310-cp310-manylinux_2_17_i686.manylinux2014_i686.whl", hash = "sha256:2886cc009f40e2984c083687251821f305d811d38e3df8ded414265e4583f0c5", size = 11756382, upload-time = "2022-08-11T06:59:34.929Z" },
    { url = "https://files.pythonhosted.org/packages/e5/ca/3ed0e1de9df496392a4c9d75b0c78f82fe5758c66bb875903cf7a9402f0b/matplotlib-3.5.3-cp310-cp310-manylinux_2_17_x86_64.manylinux2014_x86_64.whl", hash = "sha256:c995f7d9568f18b5db131ab124c64e51b6820a92d10246d4f2b3f3a66698a15b", size = 11872330, upload-time = "2022-08-11T06:59:38.203Z" },
    { url = "https://files.pythonhosted.org/packages/fd/7e/ecd6784f82baa01ef7859f8093be02b0913bda487b5bdc4da23c14041f9c/matplotlib-3.5.3-cp310-cp310-win32.whl", hash = "sha256:6bb93a0492d68461bd458eba878f52fdc8ac7bdb6c4acdfe43dba684787838c2", size = 7070877, upload-time = "2022-08-11T06:59:41.145Z" },
    { url = "https://files.pythonhosted.org/packages/90/81/b73cb7d615a70a01bd349b8e85a7648c51f3a6346695354c1ce569db6d8f/matplotlib-3.5.3-cp310-cp310-win_amd64.whl", hash = "sha256:2e6d184ebe291b9e8f7e78bbab7987d269c38ea3e062eace1fe7d898042ef804", size = 7199098, upload-time = "2022-08-11T06:59:43.267Z" },
]

[[package]]
name = "nibabel"
version = "4.0.2"
source = { registry = "https://pypi.org/simple" }
dependencies = [
    { name = "numpy" },
    { name = "packaging" },
    { name = "setuptools" },
]
sdist = { url = "https://files.pythonhosted.org/packages/2c/a7/e51987b7a28ddd00d12927c3ba7322b85a958fdcf68ebfe0aa5268f4feee/nibabel-4.0.2.tar.gz", hash = "sha256:45c49b5349351b45f6c045a91aa02b4f0d367686ff3284632ef95ac65b930786", size = 4804200, upload-time = "2022-08-31T13:47:43.741Z" }
wheels = [
    { url = "https://files.pythonhosted.org/packages/89/51/c97641cc2cd1b3b14cdec54b4e86fe03fc59753ecd13dc67544716fb7353/nibabel-4.0.2-py3-none-any.whl", hash = "sha256:c4fe76348aa865f8300beaaf2a69d31624964c861853ef80c06e33d5f244413c", size = 3345004, upload-time = "2022-08-31T13:47:41.022Z" },
]

[[package]]
name = "numpy"
version = "1.23.5"
source = { registry = "https://pypi.org/simple" }
sdist = { url = "https://files.pythonhosted.org/packages/42/38/775b43da55fa7473015eddc9a819571517d9a271a9f8134f68fb9be2f212/numpy-1.23.5.tar.gz", hash = "sha256:1b1766d6f397c18153d40015ddfc79ddb715cabadc04d2d228d4e5a8bc4ded1a", size = 10731755, upload-time = "2022-11-20T01:31:41.068Z" }
wheels = [
    { url = "https://files.pythonhosted.org/packages/0f/ae/dad4b8e7c65494cbbd1c063de114efaf9acd0f5f6171f044f0d4b6299787/numpy-1.23.5-cp310-cp310-macosx_10_9_x86_64.whl", hash = "sha256:9c88793f78fca17da0145455f0d7826bcb9f37da4764af27ac945488116efe63", size = 18118138, upload-time = "2022-11-20T01:21:22.661Z" },
    { url = "https://files.pythonhosted.org/packages/4d/39/d33202cc56c21123a50c6d5e160d00c18ff685ab864dbd4bf80dd40a7af9/numpy-1.23.5-cp310-cp310-macosx_11_0_arm64.whl", hash = "sha256:e9f4c4e51567b616be64e05d517c79a8a22f3606499941d97bb76f2ca59f982d", size = 13350465, upload-time = "2022-11-20T01:21:43.839Z" },
    { url = "https://files.pythonhosted.org/packages/67/6b/d7c93d458d16464da9b3f560a20c363a19e242ebbb019bd1e1d797523851/numpy-1.23.5-cp310-cp310-manylinux_2_17_aarch64.manylinux2014_aarch64.whl", hash = "sha256:7903ba8ab592b82014713c491f6c5d3a1cde5b4a3bf116404e08f5b52f6daf43", size = 13946528, upload-time = "2022-11-20T01:22:04.839Z" },
    { url = "https://files.pythonhosted.org/packages/e4/f3/679b3a042a127de0d7c84874913c3e23bb84646eb3bc6ecab3f8c872edc9/numpy-1.23.5-cp310-cp310-manylinux_2_17_x86_64.manylinux2014_x86_64.whl", hash = "sha256:5e05b1c973a9f858c74367553e236f287e749465f773328c8ef31abe18f691e1", size = 17059657, upload-time = "2022-11-20T01:22:30.262Z" },
    { url = "https://files.pythonhosted.org/packages/af/92/8efba008b9bda66456a1844a0e133dc76c08c5fb68c67a674f046211db29/numpy-1.23.5-cp310-cp310-win32.whl", hash = "sha256:522e26bbf6377e4d76403826ed689c295b0b238f46c28a7251ab94716da0b280", size = 12197097, upload-time = "2022-11-20T01:22:49.117Z" },
    { url = "https://files.pythonhosted.org/packages/6a/03/ae6c3c307f9c5c7516de3df3e764ebb1de33e54e197f0370992138433ef4/numpy-1.23.5-cp310-cp310-win_amd64.whl", hash = "sha256:dbee87b469018961d1ad79b1a5d50c0ae850000b639bcb1b694e9981083243b6", size = 14647128, upload-time = "2022-11-20T01:23:11.326Z" },
]

[[package]]
name = "packaging"
version = "26.2"
source = { registry = "https://pypi.org/simple" }
sdist = { url = "https://files.pythonhosted.org/packages/d7/f1/e7a6dd94a8d4a5626c03e4e99c87f241ba9e350cd9e6d75123f992427270/packaging-26.2.tar.gz", hash = "sha256:ff452ff5a3e828ce110190feff1178bb1f2ea2281fa2075aadb987c2fb221661", size = 228134, upload-time = "2026-04-24T20:15:23.917Z" }
wheels = [
    { url = "https://files.pythonhosted.org/packages/df/b2/87e62e8c3e2f4b32e5fe99e0b86d576da1312593b39f47d8ceef365e95ed/packaging-26.2-py3-none-any.whl", hash = "sha256:5fc45236b9446107ff2415ce77c807cee2862cb6fac22b8a73826d0693b0980e", size = 100195, upload-time = "2026-04-24T20:15:22.081Z" },
]

[[package]]
name = "pandas"
version = "1.4.4"
source = { registry = "https://pypi.org/simple" }
dependencies = [
    { name = "numpy" },
    { name = "python-dateutil" },
    { name = "pytz" },
]
sdist = { url = "https://files.pythonhosted.org/packages/1a/3f/bba4f9e41fff332415cdb08063b78a53c813aba1ac02887944657bb30911/pandas-1.4.4.tar.gz", hash = "sha256:ab6c0d738617b675183e5f28db32b5148b694ad9bba0a40c3ea26d96b431db67", size = 4949620, upload-time = "2022-08-31T12:22:41.078Z" }
wheels = [
    { url = "https://files.pythonhosted.org/packages/bf/e6/2ad11b8e7d9e294a1b18ae77d12a8d5c04a09ddf9b3b531decf91c997e6a/pandas-1.4.4-cp310-cp310-macosx_10_9_universal2.whl", hash = "sha256:799e6a25932df7e6b1f8dabf63de064e2205dc309abb75956126a0453fd88e97", size = 17714161, upload-time = "2022-08-31T12:18:07.039Z" },
    { url = "https://files.pythonhosted.org/packages/d7/14/8ff04ffc7b3839e388b974ede2b1e81919164d86ce20a6f0196213645bfe/pandas-1.4.4-cp310-cp310-macosx_10_9_x86_64.whl", hash = "sha256:7cd1d69a387f7d5e1a5a06a87574d9ef2433847c0e78113ab51c84d3a8bcaeaa", size = 11462486, upload-time = "2022-08-31T12:18:21.339Z" },
    { url = "https://files.pythonhosted.org/packages/0f/29/b1b0e546affca223467bde08f000c3163a17d80982c0271151ad0a7af3c8/pandas-1.4.4-cp310-cp310-macosx_11_0_arm64.whl", hash = "sha256:94f2ed1fd51e545ebf71da1e942fe1822ee01e10d3dd2a7276d01351333b7c6b", size = 10396625, upload-time = "2022-08-31T12:18:39.968Z" },
    { url = "https://files.pythonhosted.org/packages/91/05/fabf02eeefe2898cee60289963271f627175600abc6ab913c0c60c4a7f68/pandas-1.4.4-cp310-cp310-manylinux_2_17_aarch64.manylinux2014_aarch64.whl", hash = "sha256:4591cadd06fbbbd16fafc2de6e840c1aaefeae3d5864b688004777ef1bbdede3", size = 10924040, upload-time = "2022-08-31T12:18:55.38Z" },
    { url = "https://files.pythonhosted.org/packages/48/0c/a1a3a8b3e3b70c5387dea1cafbc94f7ca7d0d6aa1895babcc2be738cfab9/pandas-1.4.4-cp310-cp310-manylinux_2_17_x86_64.manylinux2014_x86_64.whl", hash = "sha256:d0022fe6a313df1c4869b5edc012d734c6519a6fffa3cf70930f32e6a1078e49", size = 11598917, upload-time = "2022-08-31T12:19:12.35Z" },
    { url = "https://files.pythonhosted.org/packages/4a/5b/d74c7faadceffce80a6fde9823bdfca69b1b6bdc307ce6df5b06e109f210/pandas-1.4.4-cp310-cp310-win_amd64.whl", hash = "sha256:785e878a6e6d8ddcdb8c181e600855402750052497d7fc6d6b508894f6b8830b", size = 9966054, upload-time = "2022-08-31T12:19:25.292Z" },
]

[[package]]
name = "pillow"
version = "12.3.0"
source = { registry = "https://pypi.org/simple" }
sdist = { url = "https://files.pythonhosted.org/packages/1c/3d/bb7fca845737cf9d7dbde16ed1843984665ff2e0a518f5db43e77ec540b9/pillow-12.3.0.tar.gz", hash = "sha256:3b8182a766685eaa002637e28b4ec8d6b18819a0c71f579bf0dbaa5830297cce", size = 47025035, upload-time = "2026-07-01T11:56:38.965Z" }
wheels = [
    { url = "https://files.pythonhosted.org/packages/25/c2/669d88644cddb1485bd9534e63e8cf476c8e51cb3c3a1297677023505c0e/pillow-12.3.0-cp310-cp310-macosx_10_10_x86_64.whl", hash = "sha256:6c0016e7b354317c4e9e525b937ac8596c38d2d232b419529b9cd7a1cd46e39a", size = 5392418, upload-time = "2026-07-01T11:53:27.808Z" },
    { url = "https://files.pythonhosted.org/packages/6b/ba/3762f376a2948e3036488d773a146e0ae6ecc2ca03ac20e2615bd0b2ba02/pillow-12.3.0-cp310-cp310-macosx_11_0_arm64.whl", hash = "sha256:bcc33feacfaefce60c12fd500a277533bdc02b10a19f7f6d348763d8140bbba7", size = 4785287, upload-time = "2026-07-01T11:53:29.761Z" },
    { url = "https://files.pythonhosted.org/packages/07/50/b5d688cc9c52d4482f3d5bcab6ce20bc2a74a85d2343841c907444a3be2c/pillow-12.3.0-cp310-cp310-manylinux_2_27_aarch64.manylinux_2_28_aarch64.whl", hash = "sha256:5594fc43d548a7ed94949d139aa1341b270f1863f11cfd37f5a6c8b778a6b67f", size = 6253754, upload-time = "2026-07-01T11:53:32.298Z" },
    { url = "https://files.pythonhosted.org/packages/4e/89/36f4cd76cf4baf05c50ababb976249153f18c959171c7f6ba09a6f217260/pillow-12.3.0-cp310-cp310-manylinux_2_27_x86_64.manylinux_2_28_x86_64.whl", hash = "sha256:f0606c8bf2cdefea14a43530f7657cbbb7ecf1c4222512492ef4a4434a9501ec", size = 6925605, upload-time = "2026-07-01T11:53:34.487Z" },
    { url = "https://files.pythonhosted.org/packages/eb/c0/4de58cf6633b9e3a6061ef4be6fb91fc3c90b812ece886f531e3c523d777/pillow-12.3.0-cp310-cp310-musllinux_1_2_aarch64.whl", hash = "sha256:85f998ea1848bc6757289e739cfbdda3a04adfd58b02fc018ce54d754a5ce468", size = 6327788, upload-time = "2026-07-01T11:53:36.433Z" },
    { url = "https://files.pythonhosted.org/packages/87/3c/14d53682a19550dbbaf3b598f807d5457646c510805a44c7d7891cd1cd1a/pillow-12.3.0-cp310-cp310-musllinux_1_2_x86_64.whl", hash = "sha256:25b9b82bb22e6e2b3cd07b39c68b7b862001226cb3dff7130d1cb914121b39ed", size = 7036288, upload-time = "2026-07-01T11:53:38.712Z" },
    { url = "https://files.pythonhosted.org/packages/38/1d/36279e3c77efe034e4cc2b0393ee74ffdb5a62391dacbf9b916154f5f0b8/pillow-12.3.0-cp310-cp310-win32.whl", hash = "sha256:37dc8f7bbb66efe481bb60defacef820c950c24713fb44962ed6aa2a50966de1", size = 6472396, upload-time = "2026-07-01T11:53:40.781Z" },
    { url = "https://files.pythonhosted.org/packages/48/7c/8fa0039574c476d7c6fa57dd7c32a130436877c6ec1e5ce1cc8ec44878c1/pillow-12.3.0-cp310-cp310-win_amd64.whl", hash = "sha256:300557495eb45ebb8aec96c2da9c4be642fbf7cd937278b4013ba894ea8eb0eb", size = 7226887, upload-time = "2026-07-01T11:53:42.764Z" },
    { url = "https://files.pythonhosted.org/packages/fa/17/e324be141d173c1c919428066c3259f21c1b8982e564e01a4a81e96dbdcf/pillow-12.3.0-cp310-cp310-win_arm64.whl", hash = "sha256:514435a37670e3e5e08f3945b68718b6ed329bb84367777e16f9f4dfe1e61a0f", size = 2568039, upload-time = "2026-07-01T11:53:45.372Z" },
]

[[package]]
name = "pluggy"
version = "1.6.0"
source = { registry = "https://pypi.org/simple" }
sdist = { url = "https://files.pythonhosted.org/packages/f9/e2/3e91f31a7d2b083fe6ef3fa267035b518369d9511ffab804f839851d2779/pluggy-1.6.0.tar.gz", hash = "sha256:7dcc130b76258d33b90f61b658791dede3486c3e6bfb003ee5c9bfb396dd22f3", size = 69412, upload-time = "2025-05-15T12:30:07.975Z" }
wheels = [
    { url = "https://files.pythonhosted.org/packages/54/20/4d324d65cc6d9205fabedc306948156824eb9f0ee1633355a8f7ec5c66bf/pluggy-1.6.0-py3-none-any.whl", hash = "sha256:e920276dd6813095e9377c0bc5566d94c932c33b27a3e3945d8389c374dd4746", size = 20538, upload-time = "2025-05-15T12:30:06.134Z" },
]

[[package]]
name = "pygments"
version = "2.20.0"
source = { registry = "https://pypi.org/simple" }
sdist = { url = "https://files.pythonhosted.org/packages/c3/b2/bc9c9196916376152d655522fdcebac55e66de6603a76a02bca1b6414f6c/pygments-2.20.0.tar.gz", hash = "sha256:6757cd03768053ff99f3039c1a36d6c0aa0b263438fcab17520b30a303a82b5f", size = 4955991, upload-time = "2026-03-29T13:29:33.898Z" }
wheels = [
    { url = "https://files.pythonhosted.org/packages/f4/7e/a72dd26f3b0f4f2bf1dd8923c85f7ceb43172af56d63c7383eb62b332364/pygments-2.20.0-py3-none-any.whl", hash = "sha256:81a9e26dd42fd28a23a2d169d86d7ac03b46e2f8b59ed4698fb4785f946d0176", size = 1231151, upload-time = "2026-03-29T13:29:30.038Z" },
]

[[package]]
name = "pyparsing"
version = "3.3.2"
source = { registry = "https://pypi.org/simple" }
sdist = { url = "https://files.pythonhosted.org/packages/f3/91/9c6ee907786a473bf81c5f53cf703ba0957b23ab84c264080fb5a450416f/pyparsing-3.3.2.tar.gz", hash = "sha256:c777f4d763f140633dcb6d8a3eda953bf7a214dc4eff598413c070bcdc117cbc", size = 6851574, upload-time = "2026-01-21T03:57:59.36Z" }
wheels = [
    { url = "https://files.pythonhosted.org/packages/10/bd/c038d7cc38edc1aa5bf91ab8068b63d4308c66c4c8bb3cbba7dfbc049f9c/pyparsing-3.3.2-py3-none-any.whl", hash = "sha256:850ba148bd908d7e2411587e247a1e4f0327839c40e2e5e6d05a007ecc69911d", size = 122781, upload-time = "2026-01-21T03:57:55.912Z" },
]

[[package]]
name = "pytest"
version = "9.1.1"
source = { registry = "https://pypi.org/simple" }
dependencies = [
    { name = "colorama", marker = "sys_platform == 'win32'" },
    { name = "exceptiongroup" },
    { name = "iniconfig" },
    { name = "packaging" },
    { name = "pluggy" },
    { name = "pygments" },
    { name = "tomli" },
]
sdist = { url = "https://files.pythonhosted.org/packages/e4/47/b9efed96c114afcfa3c9d3fe98a76a1d14c74a9e266d397cf6eb64be5e01/pytest-9.1.1.tar.gz", hash = "sha256:1088fbde8f2b49d95a549a195707afa7a76a3ce9bcadc26b6d71f0ffda5fe313", size = 1636369, upload-time = "2026-06-19T10:58:32.857Z" }
wheels = [
    { url = "https://files.pythonhosted.org/packages/24/25/1de2678b631f5a49215c6c96fff41ba892b0a34df68d6d80292b1b48aa7f/pytest-9.1.1-py3-none-any.whl", hash = "sha256:37a86b45efb9a47a61a36449063e8e18d0cab3161329fc099eb21783169c4f0c", size = 386536, upload-time = "2026-06-19T10:58:31.347Z" },
]

[[package]]
name = "python-dateutil"
version = "2.9.0.post0"
source = { registry = "https://pypi.org/simple" }
dependencies = [
    { name = "six" },
]
sdist = { url = "https://files.pythonhosted.org/packages/66/c0/0c8b6ad9f17a802ee498c46e004a0eb49bc148f2fd230864601a86dcf6db/python-dateutil-2.9.0.post0.tar.gz", hash = "sha256:37dd54208da7e1cd875388217d5e00ebd4179249f90fb72437e91a35459a0ad3", size = 342432, upload-time = "2024-03-01T18:36:20.211Z" }
wheels = [
    { url = "https://files.pythonhosted.org/packages/ec/57/56b9bcc3c9c6a792fcbaf139543cee77261f3651ca9da0c93f5c1221264b/python_dateutil-2.9.0.post0-py2.py3-none-any.whl", hash = "sha256:a8b2bc7bffae282281c8140a97d3aa9c14da0b136dfe83f850eea9a5f7470427", size = 229892, upload-time = "2024-03-01T18:36:18.57Z" },
]

[[package]]
name = "python-dotenv"
version = "0.21.1"
source = { registry = "https://pypi.org/simple" }
sdist = { url = "https://files.pythonhosted.org/packages/f5/d7/d548e0d5a68b328a8d69af833a861be415a17cb15ce3d8f0cd850073d2e1/python-dotenv-0.21.1.tar.gz", hash = "sha256:1c93de8f636cde3ce377292818d0e440b6e45a82f215c3744979151fa8151c49", size = 35930, upload-time = "2023-01-21T10:22:47.277Z" }
wheels = [
    { url = "https://files.pythonhosted.org/packages/64/62/f19d1e9023aacb47241de3ab5a5d5fedf32c78a71a9e365bb2153378c141/python_dotenv-0.21.1-py3-none-any.whl", hash = "sha256:41e12e0318bebc859fcc4d97d4db8d20ad21721a6aa5047dd59f090391cb549a", size = 19284, upload-time = "2023-01-21T10:22:45.958Z" },
]

[[package]]
name = "pytz"
version = "2026.2"
source = { registry = "https://pypi.org/simple" }
sdist = { url = "https://files.pythonhosted.org/packages/ff/46/dd499ec9038423421951e4fad73051febaa13d2df82b4064f87af8b8c0c3/pytz-2026.2.tar.gz", hash = "sha256:0e60b47b29f21574376f218fe21abc009894a2321ea16c6754f3cad6eb7cdd6a", size = 320861, upload-time = "2026-05-04T01:35:29.667Z" }
wheels = [
    { url = "https://files.pythonhosted.org/packages/ec/dd/96da98f892250475bdf2328112d7468abdd4acc7b902b6af23f4ed958ea0/pytz-2026.2-py2.py3-none-any.whl", hash = "sha256:04156e608bee23d3792fd45c94ae47fae1036688e75032eea2e3bf0323d1f126", size = 510141, upload-time = "2026-05-04T01:35:27.408Z" },
]

[[package]]
name = "scikit-learn"
version = "1.1.3"
source = { registry = "https://pypi.org/simple" }
dependencies = [
    { name = "joblib" },
    { name = "numpy" },
    { name = "scipy" },
    { name = "threadpoolctl" },
]
sdist = { url = "https://files.pythonhosted.org/packages/38/bc/319f789ce0988d9bf1379d6e40498dc119b30bec133bf76cd82ca549b69a/scikit-learn-1.1.3.tar.gz", hash = "sha256:bef51978a51ec19977700fe7b86aecea49c825884f3811756b74a3b152bb4e35", size = 6982430, upload-time = "2022-10-26T14:34:12.66Z" }
wheels = [
    { url = "https://files.pythonhosted.org/packages/22/17/0b7adb6df00a30bc2c4a9e30e7f1c0c611035e2a5e22721b1bec0c2a5ffc/scikit_learn-1.1.3-cp310-cp310-macosx_10_9_x86_64.whl", hash = "sha256:8e9dd76c7274055d1acf4526b8efb16a3531c26dcda714a0c16da99bf9d41900", size = 8716601, upload-time = "2022-10-26T14:33:09.183Z" },
    { url = "https://files.pythonhosted.org/packages/9a/3b/e7aca9745952d3abe278fcf68ed8106ea98b8e049f05a4047a3b5a6cb706/scikit_learn-1.1.3-cp310-cp310-macosx_12_0_arm64.whl", hash = "sha256:ee47f68d973cee7009f06edb956f2f5588a0f230f24a2a70175fd0ecf36e2653", size = 7661703, upload-time = "2022-10-26T14:33:11.807Z" },
    { url = "https://files.pythonhosted.org/packages/23/b9/78099838802cca1c8bfd985212c2df098a062e9b1df70845764e65685e3e/scikit_learn-1.1.3-cp310-cp310-manylinux_2_17_aarch64.manylinux2014_aarch64.whl", hash = "sha256:da5a2e95fef9805b1750e4abda4e834bf8835d26fc709a391543b53feee7bd0e", size = 30060764, upload-time = "2022-10-26T14:33:16.701Z" },
    { url = "https://files.pythonhosted.org/packages/23/b6/5d339516e3fbb6cde8ad87e85d9f17a3270c9e508c860785f0b6239ea33a/scikit_learn-1.1.3-cp310-cp310-manylinux_2_17_x86_64.manylinux2014_x86_64.whl", hash = "sha256:701181792a28c82fecae12adb5d15d0ecf57bffab7cf4bdbb52c7b3fd428d540", size = 30472459, upload-time = "2022-10-26T14:33:20.53Z" },
    { url = "https://files.pythonhosted.org/packages/fe/28/2b78c8efceeb07e73cef24af458dd8241cc6c4b39abc7bf375ba38b07d28/scikit_learn-1.1.3-cp310-cp310-win_amd64.whl", hash = "sha256:30e27721adc308e8fd9f419f43068e43490005f911edf4476a9e585059fa8a83", size = 7539142, upload-time = "2022-10-26T14:33:23.743Z" },
]

[[package]]
name = "scipy"
version = "1.15.3"
source = { registry = "https://pypi.org/simple" }
dependencies = [
    { name = "numpy" },
]
sdist = { url = "https://files.pythonhosted.org/packages/0f/37/6964b830433e654ec7485e45a00fc9a27cf868d622838f6b6d9c5ec0d532/scipy-1.15.3.tar.gz", hash = "sha256:eae3cf522bc7df64b42cad3925c876e1b0b6c35c1337c93e12c0f366f55b0eaf", size = 59419214, upload-time = "2025-05-08T16:13:05.955Z" }
wheels = [
    { url = "https://files.pythonhosted.org/packages/78/2f/4966032c5f8cc7e6a60f1b2e0ad686293b9474b65246b0c642e3ef3badd0/scipy-1.15.3-cp310-cp310-macosx_10_13_x86_64.whl", hash = "sha256:a345928c86d535060c9c2b25e71e87c39ab2f22fc96e9636bd74d1dbf9de448c", size = 38702770, upload-time = "2025-05-08T16:04:20.849Z" },
    { url = "https://files.pythonhosted.org/packages/a0/6e/0c3bf90fae0e910c274db43304ebe25a6b391327f3f10b5dcc638c090795/scipy-1.15.3-cp310-cp310-macosx_12_0_arm64.whl", hash = "sha256:ad3432cb0f9ed87477a8d97f03b763fd1d57709f1bbde3c9369b1dff5503b253", size = 30094511, upload-time = "2025-05-08T16:04:27.103Z" },
    { url = "https://files.pythonhosted.org/packages/ea/b1/4deb37252311c1acff7f101f6453f0440794f51b6eacb1aad4459a134081/scipy-1.15.3-cp310-cp310-macosx_14_0_arm64.whl", hash = "sha256:aef683a9ae6eb00728a542b796f52a5477b78252edede72b8327a886ab63293f", size = 22368151, upload-time = "2025-05-08T16:04:31.731Z" },
    { url = "https://files.pythonhosted.org/packages/38/7d/f457626e3cd3c29b3a49ca115a304cebb8cc6f31b04678f03b216899d3c6/scipy-1.15.3-cp310-cp310-macosx_14_0_x86_64.whl", hash = "sha256:1c832e1bd78dea67d5c16f786681b28dd695a8cb1fb90af2e27580d3d0967e92", size = 25121732, upload-time = "2025-05-08T16:04:36.596Z" },
    { url = "https://files.pythonhosted.org/packages/db/0a/92b1de4a7adc7a15dcf5bddc6e191f6f29ee663b30511ce20467ef9b82e4/scipy-1.15.3-cp310-cp310-manylinux_2_17_aarch64.manylinux2014_aarch64.whl", hash = "sha256:263961f658ce2165bbd7b99fa5135195c3a12d9bef045345016b8b50c315cb82", size = 35547617, upload-time = "2025-05-08T16:04:43.546Z" },
    { url = "https://files.pythonhosted.org/packages/8e/6d/41991e503e51fc1134502694c5fa7a1671501a17ffa12716a4a9151af3df/scipy-1.15.3-cp310-cp310-manylinux_2_17_x86_64.manylinux2014_x86_64.whl", hash = "sha256:9e2abc762b0811e09a0d3258abee2d98e0c703eee49464ce0069590846f31d40", size = 37662964, upload-time = "2025-05-08T16:04:49.431Z" },
    { url = "https://files.pythonhosted.org/packages/25/e1/3df8f83cb15f3500478c889be8fb18700813b95e9e087328230b98d547ff/scipy-1.15.3-cp310-cp310-musllinux_1_2_aarch64.whl", hash = "sha256:ed7284b21a7a0c8f1b6e5977ac05396c0d008b89e05498c8b7e8f4a1423bba0e", size = 37238749, upload-time = "2025-05-08T16:04:55.215Z" },
    { url = "https://files.pythonhosted.org/packages/93/3e/b3257cf446f2a3533ed7809757039016b74cd6f38271de91682aa844cfc5/scipy-1.15.3-cp310-cp310-musllinux_1_2_x86_64.whl", hash = "sha256:5380741e53df2c566f4d234b100a484b420af85deb39ea35a1cc1be84ff53a5c", size = 40022383, upload-time = "2025-05-08T16:05:01.914Z" },
    { url = "https://files.pythonhosted.org/packages/d1/84/55bc4881973d3f79b479a5a2e2df61c8c9a04fcb986a213ac9c02cfb659b/scipy-1.15.3-cp310-cp310-win_amd64.whl", hash = "sha256:9d61e97b186a57350f6d6fd72640f9e99d5a4a2b8fbf4b9ee9a841eab327dc13", size = 41259201, upload-time = "2025-05-08T16:05:08.166Z" },
]

[[package]]
name = "setuptools"
version = "83.0.0"
source = { registry = "https://pypi.org/simple" }
sdist = { url = "https://files.pythonhosted.org/packages/34/26/f5d29e25ffdb535afef2d35cdb55b325298f96debd670da4c325e08d70f4/setuptools-83.0.0.tar.gz", hash = "sha256:025bccbbf0fa05b6192bc64ae1e7b16e001fd6d6d4d5de03c97b1c1ade523bef", size = 1154254, upload-time = "2026-07-04T15:31:22.699Z" }
wheels = [
    { url = "https://files.pythonhosted.org/packages/5d/40/e1e72872c6354b306daef1703549e8e83b4d43cfea356311bf722a043752/setuptools-83.0.0-py3-none-any.whl", hash = "sha256:29b23c360f22f414dc7336bb39178cc7bcbf6021ed2733cde173f09dba19abb3", size = 1008090, upload-time = "2026-07-04T15:31:20.885Z" },
]

[[package]]
name = "six"
version = "1.17.0"
source = { registry = "https://pypi.org/simple" }
sdist = { url = "https://files.pythonhosted.org/packages/94/e7/b2c673351809dca68a0e064b6af791aa332cf192da575fd474ed7d6f16a2/six-1.17.0.tar.gz", hash = "sha256:ff70335d468e7eb6ec65b95b99d3a2836546063f63acc5171de367e834932a81", size = 34031, upload-time = "2024-12-04T17:35:28.174Z" }
wheels = [
    { url = "https://files.pythonhosted.org/packages/b7/ce/149a00dd41f10bc29e5921b496af8b574d8413afcd5e30dfa0ed46c2cc5e/six-1.17.0-py2.py3-none-any.whl", hash = "sha256:4721f391ed90541fddacab5acf947aa0d3dc7d27b2e1e8eda2be8970586c3274", size = 11050, upload-time = "2024-12-04T17:35:26.475Z" },
]

[[package]]
name = "threadpoolctl"
version = "3.6.0"
source = { registry = "https://pypi.org/simple" }
sdist = { url = "https://files.pythonhosted.org/packages/b7/4d/08c89e34946fce2aec4fbb45c9016efd5f4d7f24af8e5d93296e935631d8/threadpoolctl-3.6.0.tar.gz", hash = "sha256:8ab8b4aa3491d812b623328249fab5302a68d2d71745c8a4c719a2fcaba9f44e", size = 21274, upload-time = "2025-03-13T13:49:23.031Z" }
wheels = [
    { url = "https://files.pythonhosted.org/packages/32/d5/f9a850d79b0851d1d4ef6456097579a9005b31fea68726a4ae5f2d82ddd9/threadpoolctl-3.6.0-py3-none-any.whl", hash = "sha256:43a0b8fd5a2928500110039e43a5eed8480b918967083ea48dc3ab9f13c4a7fb", size = 18638, upload-time = "2025-03-13T13:49:21.846Z" },
]

[[package]]
name = "tomli"
version = "2.4.1"
source = { registry = "https://pypi.org/simple" }
sdist = { url = "https://files.pythonhosted.org/packages/22/de/48c59722572767841493b26183a0d1cc411d54fd759c5607c4590b6563a6/tomli-2.4.1.tar.gz", hash = "sha256:7c7e1a961a0b2f2472c1ac5b69affa0ae1132c39adcb67aba98568702b9cc23f", size = 17543, upload-time = "2026-03-25T20:22:03.828Z" }
wheels = [
    { url = "https://files.pythonhosted.org/packages/7b/61/cceae43728b7de99d9b847560c262873a1f6c98202171fd5ed62640b494b/tomli-2.4.1-py3-none-any.whl", hash = "sha256:0d85819802132122da43cb86656f8d1f8c6587d54ae7dcaf30e90533028b49fe", size = 14583, upload-time = "2026-03-25T20:22:03.012Z" },
]

[[package]]
name = "torch"
version = "1.12.1"
source = { registry = "https://pypi.org/simple" }
dependencies = [
    { name = "typing-extensions" },
]
wheels = [
    { url = "https://files.pythonhosted.org/packages/ca/74/7342c7f21449557a8263c925071a55081edd7e9b641404cfe31d6fb71d3b/torch-1.12.1-cp310-cp310-manylinux1_x86_64.whl", hash = "sha256:9c038662db894a23e49e385df13d47b2a777ffd56d9bcd5b832593fab0a7e286", size = 776338835, upload-time = "2022-08-05T17:26:39.042Z" },
    { url = "https://files.pythonhosted.org/packages/36/b0/4857929aa28dfe26f7de909ebf002b60499edcd7566441a7433df865f9ba/torch-1.12.1-cp310-cp310-manylinux2014_aarch64.whl", hash = "sha256:4e1b9c14cf13fd2ab8d769529050629a0e68a6fc5cb8e84b4a3cc1dd8c4fe541", size = 55712361, upload-time = "2022-08-05T17:31:47.207Z" },
    { url = "https://files.pythonhosted.org/packages/b9/25/fc2111599a038aa6c1c618a7dc9246aabc95f899008949ade31213255a0c/torch-1.12.1-cp310-cp310-win_amd64.whl", hash = "sha256:e9c8f4a311ac29fc7e8e955cfb7733deb5dbe1bdaabf5d4af2765695824b7e0d", size = 162235663, upload-time = "2022-08-05T17:30:24.612Z" },
    { url = "https://files.pythonhosted.org/packages/37/72/ef80d39a371a9b4a8aadfb22b141972cc67a7075dae69a9d5b8116505ec0/torch-1.12.1-cp310-none-macosx_10_9_x86_64.whl", hash = "sha256:976c3f997cea38ee91a0dd3c3a42322785414748d1761ef926b789dfa97c6134", size = 133811424, upload-time = "2022-08-05T17:31:09.762Z" },
    { url = "https://files.pythonhosted.org/packages/2f/17/8b557dde1cdb5fbe82f90a3f192046c8e508f106456e12f17c87543e6a42/torch-1.12.1-cp310-none-macosx_11_0_arm64.whl", hash = "sha256:68104e4715a55c4bb29a85c6a8d57d820e0757da363be1ba680fa8cc5be17b52", size = 49099890, upload-time = "2022-08-05T17:31:35.785Z" },
]

[[package]]
name = "typing-extensions"
version = "4.16.0"
source = { registry = "https://pypi.org/simple" }
sdist = { url = "https://files.pythonhosted.org/packages/f6/cc/6253133b5bb138fc3306cebfbda2c520f545d36b5be2c7255cc528bb45d6/typing_extensions-4.16.0.tar.gz", hash = "sha256:dc983d19a509c94dba722ee6abd33940f7c05a89e243c47e907eb4db6f1a43e5", size = 113555, upload-time = "2026-07-02T08:40:05.92Z" }
wheels = [
    { url = "https://files.pythonhosted.org/packages/49/d3/b8441a820a491ddfc024b0b0cf0393375b75ea13866d9c66727e54c2fc80/typing_extensions-4.16.0-py3-none-any.whl", hash = "sha256:481caa481374e813c1b176ada14e97f1f67a4539ce9cfeb3f350d78d6370c2e8", size = 45571, upload-time = "2026-07-02T08:40:04.659Z" },
]
